
Microsoft Visual Studio Solution File, Format Version 12.00
# Visual Studio Version 17
VisualStudioVersion = 17.5.33530.505
MinimumVisualStudioVersion = 10.0.40219.1
Project("{9A19103F-16F7-4668-BE54-9A1E7A4F7556}") = "Core_Proje_Udemy", "Core_Proje_Udemy\Core_Proje_Udemy.csproj", "{F5432B30-6205-414A-AE51-FC9C552E7E18}"
EndProject
Project("{9A19103F-16F7-4668-BE54-9A1E7A4F7556}") = "BusinessLayer", "BusinessLayer\BusinessLayer.csproj", "{B264E16D-A0BF-4C27-B2A7-E32815D17E81}"
EndProject
Project("{9A19103F-16F7-4668-BE54-9A1E7A4F7556}") = "DataAccessLayer", "DataAccessLayer\DataAccessLayer.csproj", "{4EB8D89D-A33E-4357-BA0A-FA8CD5B53BEF}"
EndProject
Project("{9A19103F-16F7-4668-BE54-9A1E7A4F7556}") = "EntityLayer", "EntityLayer\EntityLayer.csproj", "{D68579E3-4331-4066-A9EE-6B8125134696}"
EndProject
Global
	GlobalSection(SolutionConfigurationPlatforms) = preSolution
		Debug|Any CPU = Debug|Any CPU
		Release|Any CPU = Release|Any CPU
	EndGlobalSection
	GlobalSection(ProjectConfigurationPlatforms) = postSolution
		{F5432B30-6205-414A-AE51-FC9C552E7E18}.Debug|Any CPU.ActiveCfg = Debug|Any CPU
		{F5432B30-6205-414A-AE51-FC9C552E7E18}.Debug|Any CPU.Build.0 = Debug|Any CPU
		{F5432B30-6205-414A-AE51-FC9C552E7E18}.Release|Any CPU.ActiveCfg = Release|Any CPU
		{F5432B30-6205-414A-AE51-FC9C552E7E18}.Release|Any CPU.Build.0 = Release|Any CPU
		{B264E16D-A0BF-4C27-B2A7-E32815D17E81}.Debug|Any CPU.ActiveCfg = Debug|Any CPU
		{B264E16D-A0BF-4C27-B2A7-E32815D17E81}.Debug|Any CPU.Build.0 = Debug|Any CPU
		{B264E16D-A0BF-4C27-B2A7-E32815D17E81}.Release|Any CPU.ActiveCfg = Release|Any CPU
		{B264E16D-A0BF-4C27-B2A7-E32815D17E81}.Release|Any CPU.Build.0 = Release|Any CPU
		{4EB8D89D-A33E-4357-BA0A-FA8CD5B53BEF}.Debug|Any CPU.ActiveCfg = Debug|Any CPU
		{4EB8D89D-A33E-4357-BA0A-FA8CD5B53BEF}.Debug|Any CPU.Build.0 = Debug|Any CPU
		{4EB8D89D-A33E-4357-BA0A-FA8CD5B53BEF}.Release|Any CPU.ActiveCfg = Release|Any CPU
		{4EB8D89D-A33E-4357-BA0A-FA8CD5B53BEF}.Release|Any CPU.Build.0 = Release|Any CPU
		{D68579E3-4331-4066-A9EE-6B8125134696}.Debug|Any CPU.ActiveCfg = Debug|Any CPU
		{D68579E3-4331-4066-A9EE-6B8125134696}.Debug|Any CPU.Build.0 = Debug|Any CPU
		{D68579E3-4331-4066-A9EE-6B8125134696}.Release|Any CPU.ActiveCfg = Release|Any CPU
		{D68579E3-4331-4066-A9EE-6B8125134696}.Release|Any CPU.Build.0 = Release|Any CPU
	EndGlobalSection
	GlobalSection(SolutionProperties) = preSolution
		HideSolutionNode = FALSE
	EndGlobalSection
	GlobalSection(ExtensibilityGlobals) = postSolution
		SolutionGuid = {CDC93F17-309D-43AB-8173-3D474CA4F39C}
	EndGlobalSection
EndGlobal
